
Microsoft Visual Studio Solution File, Format Version 12.00
# Visual Studio Version 17
VisualStudioVersion = 17.0.31912.275
MinimumVisualStudioVersion = 10.0.40219.1
Project("{FAE04EC0-301F-11D3-BF4B-00C04F79EFBC}") = "Methodlar_2", "Methodlar_2\Methodlar_2.csproj", "{714E1B39-4D4C-4D46-AD72-1129704FC3D4}"
EndProject
Global
	GlobalSection(SolutionConfigurationPlatforms) = preSolution
		Debug|Any CPU = Debug|Any CPU
		Release|Any CPU = Release|Any CPU
	EndGlobalSection
	GlobalSection(ProjectConfigurationPlatforms) = postSolution
		{714E1B39-4D4C-4D46-AD72-1129704FC3D4}.Debug|Any CPU.ActiveCfg = Debug|Any CPU
		{714E1B39-4D4C-4D46-AD72-1129704FC3D4}.Debug|Any CPU.Build.0 = Debug|Any CPU
		{714E1B39-4D4C-4D46-AD72-1129704FC3D4}.Release|Any CPU.ActiveCfg = Release|Any CPU
		{714E1B39-4D4C-4D46-AD72-1129704FC3D4}.Release|Any CPU.Build.0 = Release|Any CPU
	EndGlobalSection
	GlobalSection(SolutionProperties) = preSolution
		HideSolutionNode = FALSE
	EndGlobalSection
	GlobalSection(ExtensibilityGlobals) = postSolution
		SolutionGuid = {153A8374-6609-4FD1-BECE-AD7463F81001}
	EndGlobalSection
EndGlobal
